
Microsoft Visual Studio Solution File, Format Version 12.00
# Visual Studio Version 16
VisualStudioVersion = 16.0.31702.278
MinimumVisualStudioVersion = 10.0.40219.1
Project("{FAE04EC0-301F-11D3-BF4B-00C04F79EFBC}") = "laba8.3", "laba8.3\laba8.3.csproj", "{1580225C-D02D-4BDE-8CA9-C8CD3A540EFD}"
EndProject
Global
	GlobalSection(SolutionConfigurationPlatforms) = preSolution
		Debug|Any CPU = Debug|Any CPU
		Release|Any CPU = Release|Any CPU
	EndGlobalSection
	GlobalSection(ProjectConfigurationPlatforms) = postSolution
		{1580225C-D02D-4BDE-8CA9-C8CD3A540EFD}.Debug|Any CPU.ActiveCfg = Debug|Any CPU
		{1580225C-D02D-4BDE-8CA9-C8CD3A540EFD}.Debug|Any CPU.Build.0 = Debug|Any CPU
		{1580225C-D02D-4BDE-8CA9-C8CD3A540EFD}.Release|Any CPU.ActiveCfg = Release|Any CPU
		{1580225C-D02D-4BDE-8CA9-C8CD3A540EFD}.Release|Any CPU.Build.0 = Release|Any CPU
	EndGlobalSection
	GlobalSection(SolutionProperties) = preSolution
		HideSolutionNode = FALSE
	EndGlobalSection
	GlobalSection(ExtensibilityGlobals) = postSolution
		SolutionGuid = {D9B70DF5-E42D-490A-9BD7-9CFC76F391B1}
	EndGlobalSection
EndGlobal
